
Microsoft Visual Studio Solution File, Format Version 12.00
# Visual Studio 2013
VisualStudioVersion = 12.0.31101.0
MinimumVisualStudioVersion = 10.0.40219.1
Project("{FAE04EC0-301F-11D3-BF4B-00C04F79EFBC}") = "Problem1", "Problem 1\Problem1.csproj", "{C34047FF-6AE6-40A5-8777-8F334AC59910}"
EndProject
Project("{FAE04EC0-301F-11D3-BF4B-00C04F79EFBC}") = "Problem 2", "Problem 2\Problem 2.csproj", "{2576732C-62B7-4CE2-BAB9-70292E915850}"
EndProject
Project("{FAE04EC0-301F-11D3-BF4B-00C04F79EFBC}") = "Problem 3", "Problem 3\Problem 3.csproj", "{2E7CC04C-698E-47B3-A027-F2010C56BBA1}"
EndProject
Project("{FAE04EC0-301F-11D3-BF4B-00C04F79EFBC}") = "Problem 4", "Problem 4\Problem 4.csproj", "{AC20168C-88EF-4F28-8B82-42005538EF9F}"
EndProject
Project("{FAE04EC0-301F-11D3-BF4B-00C04F79EFBC}") = "Problem 5", "Problem 5\Problem 5.csproj", "{D38193E9-F65B-489F-8275-BA662A7298B0}"
EndProject
Project("{FAE04EC0-301F-11D3-BF4B-00C04F79EFBC}") = "Problem 6", "Problem 6\Problem 6.csproj", "{850D96A6-12E6-4361-B31E-8702A1F194FF}"
EndProject
Project("{FAE04EC0-301F-11D3-BF4B-00C04F79EFBC}") = "Problem 7", "Problem 7\Problem 7.csproj", "{743C1C9B-0AE4-4542-9710-15FDF543F71E}"
EndProject
Project("{FAE04EC0-301F-11D3-BF4B-00C04F79EFBC}") = "Common", "Common\Common.csproj", "{D78BEE65-AE89-4799-A576-368BBADB569F}"
EndProject
Project("{FAE04EC0-301F-11D3-BF4B-00C04F79EFBC}") = "Problem 8", "Problem 8\Problem 8.csproj", "{8AD695FC-AE50-4B43-AA4F-818463C79770}"
EndProject
Project("{2150E333-8FDC-42A3-9474-1A3956D46DE8}") = "Solution Items", "Solution Items", "{9B82F572-3B60-49A2-ADC9-32D8CA780497}"
	ProjectSection(SolutionItems) = preProject
		README.md = README.md
	EndProjectSection
EndProject
Project("{FAE04EC0-301F-11D3-BF4B-00C04F79EFBC}") = "Problem 9", "Problem 9\Problem 9.csproj", "{250C0456-5694-4777-A00E-AC169D32B5D8}"
EndProject
Global
	GlobalSection(SolutionConfigurationPlatforms) = preSolution
		Debug|Any CPU = Debug|Any CPU
		Release|Any CPU = Release|Any CPU
	EndGlobalSection
	GlobalSection(ProjectConfigurationPlatforms) = postSolution
		{C34047FF-6AE6-40A5-8777-8F334AC59910}.Debug|Any CPU.ActiveCfg = Debug|Any CPU
		{C34047FF-6AE6-40A5-8777-8F334AC59910}.Debug|Any CPU.Build.0 = Debug|Any CPU
		{C34047FF-6AE6-40A5-8777-8F334AC59910}.Release|Any CPU.ActiveCfg = Release|Any CPU
		{C34047FF-6AE6-40A5-8777-8F334AC59910}.Release|Any CPU.Build.0 = Release|Any CPU
		{2576732C-62B7-4CE2-BAB9-70292E915850}.Debug|Any CPU.ActiveCfg = Debug|Any CPU
		{2576732C-62B7-4CE2-BAB9-70292E915850}.Debug|Any CPU.Build.0 = Debug|Any CPU
		{2576732C-62B7-4CE2-BAB9-70292E915850}.Release|Any CPU.ActiveCfg = Release|Any CPU
		{2576732C-62B7-4CE2-BAB9-70292E915850}.Release|Any CPU.Build.0 = Release|Any CPU
		{2E7CC04C-698E-47B3-A027-F2010C56BBA1}.Debug|Any CPU.ActiveCfg = Debug|Any CPU
		{2E7CC04C-698E-47B3-A027-F2010C56BBA1}.Debug|Any CPU.Build.0 = Debug|Any CPU
		{2E7CC04C-698E-47B3-A027-F2010C56BBA1}.Release|Any CPU.ActiveCfg = Release|Any CPU
		{2E7CC04C-698E-47B3-A027-F2010C56BBA1}.Release|Any CPU.Build.0 = Release|Any CPU
		{AC20168C-88EF-4F28-8B82-42005538EF9F}.Debug|Any CPU.ActiveCfg = Debug|Any CPU
		{AC20168C-88EF-4F28-8B82-42005538EF9F}.Debug|Any CPU.Build.0 = Debug|Any CPU
		{AC20168C-88EF-4F28-8B82-42005538EF9F}.Release|Any CPU.ActiveCfg = Release|Any CPU
		{AC20168C-88EF-4F28-8B82-42005538EF9F}.Release|Any CPU.Build.0 = Release|Any CPU
		{D38193E9-F65B-489F-8275-BA662A7298B0}.Debug|Any CPU.ActiveCfg = Debug|Any CPU
		{D38193E9-F65B-489F-8275-BA662A7298B0}.Debug|Any CPU.Build.0 = Debug|Any CPU
		{D38193E9-F65B-489F-8275-BA662A7298B0}.Release|Any CPU.ActiveCfg = Release|Any CPU
		{D38193E9-F65B-489F-8275-BA662A7298B0}.Release|Any CPU.Build.0 = Release|Any CPU
		{850D96A6-12E6-4361-B31E-8702A1F194FF}.Debug|Any CPU.ActiveCfg = Debug|Any CPU
		{850D96A6-12E6-4361-B31E-8702A1F194FF}.Debug|Any CPU.Build.0 = Debug|Any CPU
		{850D96A6-12E6-4361-B31E-8702A1F194FF}.Release|Any CPU.ActiveCfg = Release|Any CPU
		{850D96A6-12E6-4361-B31E-8702A1F194FF}.Release|Any CPU.Build.0 = Release|Any CPU
		{743C1C9B-0AE4-4542-9710-15FDF543F71E}.Debug|Any CPU.ActiveCfg = Debug|Any CPU
		{743C1C9B-0AE4-4542-9710-15FDF543F71E}.Debug|Any CPU.Build.0 = Debug|Any CPU
		{743C1C9B-0AE4-4542-9710-15FDF543F71E}.Release|Any CPU.ActiveCfg = Release|Any CPU
		{743C1C9B-0AE4-4542-9710-15FDF543F71E}.Release|Any CPU.Build.0 = Release|Any CPU
		{D78BEE65-AE89-4799-A576-368BBADB569F}.Debug|Any CPU.ActiveCfg = Debug|Any CPU
		{D78BEE65-AE89-4799-A576-368BBADB569F}.Debug|Any CPU.Build.0 = Debug|Any CPU
		{D78BEE65-AE89-4799-A576-368BBADB569F}.Release|Any CPU.ActiveCfg = Release|Any CPU
		{D78BEE65-AE89-4799-A576-368BBADB569F}.Release|Any CPU.Build.0 = Release|Any CPU
		{8AD695FC-AE50-4B43-AA4F-818463C79770}.Debug|Any CPU.ActiveCfg = Debug|Any CPU
		{8AD695FC-AE50-4B43-AA4F-818463C79770}.Debug|Any CPU.Build.0 = Debug|Any CPU
		{8AD695FC-AE50-4B43-AA4F-818463C79770}.Release|Any CPU.ActiveCfg = Release|Any CPU
		{8AD695FC-AE50-4B43-AA4F-818463C79770}.Release|Any CPU.Build.0 = Release|Any CPU
		{250C0456-5694-4777-A00E-AC169D32B5D8}.Debug|Any CPU.ActiveCfg = Debug|Any CPU
		{250C0456-5694-4777-A00E-AC169D32B5D8}.Debug|Any CPU.Build.0 = Debug|Any CPU
		{250C0456-5694-4777-A00E-AC169D32B5D8}.Release|Any CPU.ActiveCfg = Release|Any CPU
		{250C0456-5694-4777-A00E-AC169D32B5D8}.Release|Any CPU.Build.0 = Release|Any CPU
	EndGlobalSection
	GlobalSection(SolutionProperties) = preSolution
		HideSolutionNode = FALSE
	EndGlobalSection
EndGlobal
